
Microsoft Visual Studio Solution File, Format Version 12.00
# Visual Studio 2013
VisualStudioVersion = 12.0.30501.0
MinimumVisualStudioVersion = 10.0.40219.1
Project("{FAE04EC0-301F-11D3-BF4B-00C04F79EFBC}") = "Punt in rechthoek", "Branching\Punt in rechthoek.csproj", "{8ED92DFF-CA21-448B-B23D-E3290A6FEA04}"
EndProject
Project("{FAE04EC0-301F-11D3-BF4B-00C04F79EFBC}") = "OverlapRanges", "OverlapRanges\OverlapRanges.csproj", "{E9DDD399-6995-43BF-B0B0-D37BDB2FB726}"
EndProject
Global
	GlobalSection(SolutionConfigurationPlatforms) = preSolution
		Debug|Any CPU = Debug|Any CPU
		Release|Any CPU = Release|Any CPU
	EndGlobalSection
	GlobalSection(ProjectConfigurationPlatforms) = postSolution
		{8ED92DFF-CA21-448B-B23D-E3290A6FEA04}.Debug|Any CPU.ActiveCfg = Debug|Any CPU
		{8ED92DFF-CA21-448B-B23D-E3290A6FEA04}.Debug|Any CPU.Build.0 = Debug|Any CPU
		{8ED92DFF-CA21-448B-B23D-E3290A6FEA04}.Release|Any CPU.ActiveCfg = Release|Any CPU
		{8ED92DFF-CA21-448B-B23D-E3290A6FEA04}.Release|Any CPU.Build.0 = Release|Any CPU
		{E9DDD399-6995-43BF-B0B0-D37BDB2FB726}.Debug|Any CPU.ActiveCfg = Debug|Any CPU
		{E9DDD399-6995-43BF-B0B0-D37BDB2FB726}.Debug|Any CPU.Build.0 = Debug|Any CPU
		{E9DDD399-6995-43BF-B0B0-D37BDB2FB726}.Release|Any CPU.ActiveCfg = Release|Any CPU
		{E9DDD399-6995-43BF-B0B0-D37BDB2FB726}.Release|Any CPU.Build.0 = Release|Any CPU
	EndGlobalSection
	GlobalSection(SolutionProperties) = preSolution
		HideSolutionNode = FALSE
	EndGlobalSection
EndGlobal
